
Microsoft Visual Studio Solution File, Format Version 11.00
# Visual Studio 2010
Project("{FAE04EC0-301F-11D3-BF4B-00C04F79EFBC}") = "Testes", "Testes\Testes.csproj", "{E1CBE1F7-CCAC-4593-8F21-21D6B89DE0B3}"
EndProject
Project("{2150E333-8FDC-42A3-9474-1A3956D46DE8}") = "Solution Items", "Solution Items", "{D7042B34-E445-4A63-829D-9DD5CD416A0D}"
	ProjectSection(SolutionItems) = preProject
		Dojos.vsmdi = Dojos.vsmdi
		Local.testsettings = Local.testsettings
		TraceAndTestImpact.testsettings = TraceAndTestImpact.testsettings
	EndProjectSection
EndProject
Global
	GlobalSection(TestCaseManagementSettings) = postSolution
		CategoryFile = Dojos.vsmdi
	EndGlobalSection
	GlobalSection(SolutionConfigurationPlatforms) = preSolution
		Debug|Any CPU = Debug|Any CPU
		Release|Any CPU = Release|Any CPU
	EndGlobalSection
	GlobalSection(ProjectConfigurationPlatforms) = postSolution
		{E1CBE1F7-CCAC-4593-8F21-21D6B89DE0B3}.Debug|Any CPU.ActiveCfg = Debug|Any CPU
		{E1CBE1F7-CCAC-4593-8F21-21D6B89DE0B3}.Debug|Any CPU.Build.0 = Debug|Any CPU
		{E1CBE1F7-CCAC-4593-8F21-21D6B89DE0B3}.Release|Any CPU.ActiveCfg = Release|Any CPU
		{E1CBE1F7-CCAC-4593-8F21-21D6B89DE0B3}.Release|Any CPU.Build.0 = Release|Any CPU
	EndGlobalSection
	GlobalSection(SolutionProperties) = preSolution
		HideSolutionNode = FALSE
	EndGlobalSection
EndGlobal
